// !$*UTF8*$!
{
	archiveVersion = 1;
	classes = {
	};
	objectVersion = 51;
	objects = {

/* Begin PBXBuildFile section */
		77F5914003270D4E2A96F4A0 /* Pods_Advice_RouletteTests.framework in Frameworks */ = {isa = PBXBuildFile; fileRef = 49B0D9982669C34649E6C7FF /* Pods_Advice_RouletteTests.framework */; };
		CB6138CD23AAB4C5007C5253 /* AppDelegate.swift in Sources */ = {isa = PBXBuildFile; fileRef = CB6138CC23AAB4C5007C5253 /* AppDelegate.swift */; };
		CB6138CF23AAB4C5007C5253 /* SceneDelegate.swift in Sources */ = {isa = PBXBuildFile; fileRef = CB6138CE23AAB4C5007C5253 /* SceneDelegate.swift */; };
		CB6138D123AAB4C5007C5253 /* ViewController.swift in Sources */ = {isa = PBXBuildFile; fileRef = CB6138D023AAB4C5007C5253 /* ViewController.swift */; };
		CB6138D423AAB4C5007C5253 /* Main.storyboard in Resources */ = {isa = PBXBuildFile; fileRef = CB6138D223AAB4C5007C5253 /* Main.storyboard */; };
		CB6138D723AAB4C5007C5253 /* Advice_Roulette.xcdatamodeld in Sources */ = {isa = PBXBuildFile; fileRef = CB6138D523AAB4C5007C5253 /* Advice_Roulette.xcdatamodeld */; };
		CB6138D923AAB4C5007C5253 /* Assets.xcassets in Resources */ = {isa = PBXBuildFile; fileRef = CB6138D823AAB4C5007C5253 /* Assets.xcassets */; };
		CB6138DC23AAB4C5007C5253 /* LaunchScreen.storyboard in Resources */ = {isa = PBXBuildFile; fileRef = CB6138DA23AAB4C5007C5253 /* LaunchScreen.storyboard */; };
		CB6138E723AAB4C5007C5253 /* Advice_RouletteTests.swift in Sources */ = {isa = PBXBuildFile; fileRef = CB6138E623AAB4C5007C5253 /* Advice_RouletteTests.swift */; };
		CB6138F423AAC337007C5253 /* AdviceManager.swift in Sources */ = {isa = PBXBuildFile; fileRef = CB6138F323AAC337007C5253 /* AdviceManager.swift */; };
		CBEC7CD823AB23DF002B6AD6 /* AdviceStruct.swift in Sources */ = {isa = PBXBuildFile; fileRef = CBEC7CD723AB23DF002B6AD6 /* AdviceStruct.swift */; };
		ECC21D9F5060B5F2D8CDA0C9 /* Pods_Advice_Roulette.framework in Frameworks */ = {isa = PBXBuildFile; fileRef = 52271CAE9AB75B61D731C64B /* Pods_Advice_Roulette.framework */; };
/* End PBXBuildFile section */

/* Begin PBXContainerItemProxy section */
		CB6138E323AAB4C5007C5253 /* PBXContainerItemProxy */ = {
			isa = PBXContainerItemProxy;
			containerPortal = CB6138C123AAB4C4007C5253 /* Project object */;
			proxyType = 1;
			remoteGlobalIDString = CB6138C823AAB4C5007C5253;
			remoteInfo = "Advice Roulette";
		};
/* End PBXContainerItemProxy section */

/* Begin PBXFileReference section */
		3082C437A5A0E958EF28AF52 /* Pods-Advice Roulette.debug.xcconfig */ = {isa = PBXFileReference; includeInIndex = 1; lastKnownFileType = text.xcconfig; name = "Pods-Advice Roulette.debug.xcconfig"; path = "Target Support Files/Pods-Advice Roulette/Pods-Advice Roulette.debug.xcconfig"; sourceTree = "<group>"; };
		49B0D9982669C34649E6C7FF /* Pods_Advice_RouletteTests.framework */ = {isa = PBXFileReference; explicitFileType = wrapper.framework; includeInIndex = 0; path = Pods_Advice_RouletteTests.framework; sourceTree = BUILT_PRODUCTS_DIR; };
		500B64548916A3BC21645CFA /* Pods-Advice RouletteTests.release.xcconfig */ = {isa = PBXFileReference; includeInIndex = 1; lastKnownFileType = text.xcconfig; name = "Pods-Advice RouletteTests.release.xcconfig"; path = "Target Support Files/Pods-Advice RouletteTests/Pods-Advice RouletteTests.release.xcconfig"; sourceTree = "<group>"; };
		52271CAE9AB75B61D731C64B /* Pods_Advice_Roulette.framework */ = {isa = PBXFileReference; explicitFileType = wrapper.framework; includeInIndex = 0; path = Pods_Advice_Roulette.framework; sourceTree = BUILT_PRODUCTS_DIR; };
		5F5687770403816886BA2342 /* Pods-Advice RouletteTests.debug.xcconfig */ = {isa = PBXFileReference; includeInIndex = 1; lastKnownFileType = text.xcconfig; name = "Pods-Advice RouletteTests.debug.xcconfig"; path = "Target Support Files/Pods-Advice RouletteTests/Pods-Advice RouletteTests.debug.xcconfig"; sourceTree = "<group>"; };
		CB6138C923AAB4C5007C5253 /* Advice Roulette.app */ = {isa = PBXFileReference; explicitFileType = wrapper.application; includeInIndex = 0; path = "Advice Roulette.app"; sourceTree = BUILT_PRODUCTS_DIR; };
		CB6138CC23AAB4C5007C5253 /* AppDelegate.swift */ = {isa = PBXFileReference; lastKnownFileType = sourcecode.swift; path = AppDelegate.swift; sourceTree = "<group>"; };
		CB6138CE23AAB4C5007C5253 /* SceneDelegate.swift */ = {isa = PBXFileReference; lastKnownFileType = sourcecode.swift; path = SceneDelegate.swift; sourceTree = "<group>"; };
		CB6138D023AAB4C5007C5253 /* ViewController.swift */ = {isa = PBXFileReference; lastKnownFileType = sourcecode.swift; path = ViewController.swift; sourceTree = "<group>"; };
		CB6138D323AAB4C5007C5253 /* Base */ = {isa = PBXFileReference; lastKnownFileType = file.storyboard; name = Base; path = Base.lproj/Main.storyboard; sourceTree = "<group>"; };
		CB6138D623AAB4C5007C5253 /* Advice_Roulette.xcdatamodel */ = {isa = PBXFileReference; lastKnownFileType = wrapper.xcdatamodel; path = Advice_Roulette.xcdatamodel; sourceTree = "<group>"; };
		CB6138D823AAB4C5007C5253 /* Assets.xcassets */ = {isa = PBXFileReference; lastKnownFileType = folder.assetcatalog; path = Assets.xcassets; sourceTree = "<group>"; };
		CB6138DB23AAB4C5007C5253 /* Base */ = {isa = PBXFileReference; lastKnownFileType = file.storyboard; name = Base; path = Base.lproj/LaunchScreen.storyboard; sourceTree = "<group>"; };
		CB6138DD23AAB4C5007C5253 /* Info.plist */ = {isa = PBXFileReference; lastKnownFileType = text.plist.xml; path = Info.plist; sourceTree = "<group>"; };
		CB6138E223AAB4C5007C5253 /* Advice RouletteTests.xctest */ = {isa = PBXFileReference; explicitFileType = wrapper.cfbundle; includeInIndex = 0; path = "Advice RouletteTests.xctest"; sourceTree = BUILT_PRODUCTS_DIR; };
		CB6138E623AAB4C5007C5253 /* Advice_RouletteTests.swift */ = {isa = PBXFileReference; lastKnownFileType = sourcecode.swift; path = Advice_RouletteTests.swift; sourceTree = "<group>"; };
		CB6138E823AAB4C5007C5253 /* Info.plist */ = {isa = PBXFileReference; lastKnownFileType = text.plist.xml; path = Info.plist; sourceTree = "<group>"; };
		CB6138F323AAC337007C5253 /* AdviceManager.swift */ = {isa = PBXFileReference; lastKnownFileType = sourcecode.swift; path = AdviceManager.swift; sourceTree = "<group>"; };
		CBEC7CD723AB23DF002B6AD6 /* AdviceStruct.swift */ = {isa = PBXFileReference; lastKnownFileType = sourcecode.swift; path = AdviceStruct.swift; sourceTree = "<group>"; };
		DC7196FC706588CE0886CAFE /* Pods-Advice Roulette.release.xcconfig */ = {isa = PBXFileReference; includeInIndex = 1; lastKnownFileType = text.xcconfig; name = "Pods-Advice Roulette.release.xcconfig"; path = "Target Support Files/Pods-Advice Roulette/Pods-Advice Roulette.release.xcconfig"; sourceTree = "<group>"; };
/* End PBXFileReference section */

/* Begin PBXFrameworksBuildPhase section */
		CB6138C623AAB4C5007C5253 /* Frameworks */ = {
			isa = PBXFrameworksBuildPhase;
			buildActionMask = 2147483647;
			files = (
				ECC21D9F5060B5F2D8CDA0C9 /* Pods_Advice_Roulette.framework in Frameworks */,
			);
			runOnlyForDeploymentPostprocessing = 0;
		};
		CB6138DF23AAB4C5007C5253 /* Frameworks */ = {
			isa = PBXFrameworksBuildPhase;
			buildActionMask = 2147483647;
			files = (
				77F5914003270D4E2A96F4A0 /* Pods_Advice_RouletteTests.framework in Frameworks */,
			);
			runOnlyForDeploymentPostprocessing = 0;
		};
/* End PBXFrameworksBuildPhase section */

/* Begin PBXGroup section */
		1E0F3C2860A3ECF979C38E1E /* Pods */ = {
			isa = PBXGroup;
			children = (
				3082C437A5A0E958EF28AF52 /* Pods-Advice Roulette.debug.xcconfig */,
				DC7196FC706588CE0886CAFE /* Pods-Advice Roulette.release.xcconfig */,
				5F5687770403816886BA2342 /* Pods-Advice RouletteTests.debug.xcconfig */,
				500B64548916A3BC21645CFA /* Pods-Advice RouletteTests.release.xcconfig */,
			);
			path = Pods;
			sourceTree = "<group>";
		};
		31A3637F73143840D5E78347 /* Frameworks */ = {
			isa = PBXGroup;
			children = (
				52271CAE9AB75B61D731C64B /* Pods_Advice_Roulette.framework */,
				49B0D9982669C34649E6C7FF /* Pods_Advice_RouletteTests.framework */,
			);
			name = Frameworks;
			sourceTree = "<group>";
		};
		CB6138C023AAB4C4007C5253 = {
			isa = PBXGroup;
			children = (
				CB6138CB23AAB4C5007C5253 /* Advice Roulette */,
				CB6138E523AAB4C5007C5253 /* Advice RouletteTests */,
				CB6138CA23AAB4C5007C5253 /* Products */,
				1E0F3C2860A3ECF979C38E1E /* Pods */,
				31A3637F73143840D5E78347 /* Frameworks */,
			);
			sourceTree = "<group>";
		};
		CB6138CA23AAB4C5007C5253 /* Products */ = {
			isa = PBXGroup;
			children = (
				CB6138C923AAB4C5007C5253 /* Advice Roulette.app */,
				CB6138E223AAB4C5007C5253 /* Advice RouletteTests.xctest */,
			);
			name = Products;
			sourceTree = "<group>";
		};
		CB6138CB23AAB4C5007C5253 /* Advice Roulette */ = {
			isa = PBXGroup;
			children = (
				CB6138F723AADCF3007C5253 /* Models */,
				CB6138F223AAC327007C5253 /* Helpers */,
				CB6138CC23AAB4C5007C5253 /* AppDelegate.swift */,
				CB6138CE23AAB4C5007C5253 /* SceneDelegate.swift */,
				CB6138D023AAB4C5007C5253 /* ViewController.swift */,
				CB6138D223AAB4C5007C5253 /* Main.storyboard */,
				CB6138D823AAB4C5007C5253 /* Assets.xcassets */,
				CB6138DA23AAB4C5007C5253 /* LaunchScreen.storyboard */,
				CB6138DD23AAB4C5007C5253 /* Info.plist */,
				CB6138D523AAB4C5007C5253 /* Advice_Roulette.xcdatamodeld */,
			);
			path = "Advice Roulette";
			sourceTree = "<group>";
		};
		CB6138E523AAB4C5007C5253 /* Advice RouletteTests */ = {
			isa = PBXGroup;
			children = (
				CB6138E623AAB4C5007C5253 /* Advice_RouletteTests.swift */,
				CB6138E823AAB4C5007C5253 /* Info.plist */,
			);
			path = "Advice RouletteTests";
			sourceTree = "<group>";
		};
		CB6138F223AAC327007C5253 /* Helpers */ = {
			isa = PBXGroup;
			children = (
				CB6138F323AAC337007C5253 /* AdviceManager.swift */,
			);
			path = Helpers;
			sourceTree = "<group>";
		};
		CB6138F723AADCF3007C5253 /* Models */ = {
			isa = PBXGroup;
			children = (
				CBEC7CD723AB23DF002B6AD6 /* AdviceStruct.swift */,
			);
			path = Models;
			sourceTree = "<group>";
		};
/* End PBXGroup section */

/* Begin PBXNativeTarget section */
		CB6138C823AAB4C5007C5253 /* Advice Roulette */ = {
			isa = PBXNativeTarget;
			buildConfigurationList = CB6138EB23AAB4C5007C5253 /* Build configuration list for PBXNativeTarget "Advice Roulette" */;
			buildPhases = (
				117927D49F33BCEEEDB09DC4 /* [CP] Check Pods Manifest.lock */,
				CB6138C523AAB4C5007C5253 /* Sources */,
				CB6138C623AAB4C5007C5253 /* Frameworks */,
				CB6138C723AAB4C5007C5253 /* Resources */,
				2623305E5790D75C6F988784 /* [CP] Embed Pods Frameworks */,
			);
			buildRules = (
			);
			dependencies = (
			);
			name = "Advice Roulette";
			productName = "Advice Roulette";
			productReference = CB6138C923AAB4C5007C5253 /* Advice Roulette.app */;
			productType = "com.apple.product-type.application";
		};
		CB6138E123AAB4C5007C5253 /* Advice RouletteTests */ = {
			isa = PBXNativeTarget;
			buildConfigurationList = CB6138EE23AAB4C5007C5253 /* Build configuration list for PBXNativeTarget "Advice RouletteTests" */;
			buildPhases = (
				AF167BDD0D16C7C95314C233 /* [CP] Check Pods Manifest.lock */,
				CB6138DE23AAB4C5007C5253 /* Sources */,
				CB6138DF23AAB4C5007C5253 /* Frameworks */,
				CB6138E023AAB4C5007C5253 /* Resources */,
			);
			buildRules = (
			);
			dependencies = (
				CB6138E423AAB4C5007C5253 /* PBXTargetDependency */,
			);
			name = "Advice RouletteTests";
			productName = "Advice RouletteTests";
			productReference = CB6138E223AAB4C5007C5253 /* Advice RouletteTests.xctest */;
			productType = "com.apple.product-type.bundle.unit-test";
		};
/* End PBXNativeTarget section */

/* Begin PBXProject section */
		CB6138C123AAB4C4007C5253 /* Project object */ = {
			isa = PBXProject;
			attributes = {
				LastSwiftUpdateCheck = 1110;
				LastUpgradeCheck = 1110;
				ORGANIZATIONNAME = "William Choi";
				TargetAttributes = {
					CB6138C823AAB4C5007C5253 = {
						CreatedOnToolsVersion = 11.1;
					};
					CB6138E123AAB4C5007C5253 = {
						CreatedOnToolsVersion = 11.1;
						TestTargetID = CB6138C823AAB4C5007C5253;
					};
				};
			};
			buildConfigurationList = CB6138C423AAB4C4007C5253 /* Build configuration list for PBXProject "Advice Roulette" */;
			compatibilityVersion = "Xcode 9.3";
			developmentRegion = en;
			hasScannedForEncodings = 0;
			knownRegions = (
				en,
				Base,
			);
			mainGroup = CB6138C023AAB4C4007C5253;
			productRefGroup = CB6138CA23AAB4C5007C5253 /* Products */;
			projectDirPath = "";
			projectRoot = "";
			targets = (
				CB6138C823AAB4C5007C5253 /* Advice Roulette */,
				CB6138E123AAB4C5007C5253 /* Advice RouletteTests */,
			);
		};
/* End PBXProject section */

/* Begin PBXResourcesBuildPhase section */
		CB6138C723AAB4C5007C5253 /* Resources */ = {
			isa = PBXResourcesBuildPhase;
			buildActionMask = 2147483647;
			files = (
				CB6138DC23AAB4C5007C5253 /* LaunchScreen.storyboard in Resources */,
				CB6138D923AAB4C5007C5253 /* Assets.xcassets in Resources */,
				CB6138D423AAB4C5007C5253 /* Main.storyboard in Resources */,
			);
			runOnlyForDeploymentPostprocessing = 0;
		};
		CB6138E023AAB4C5007C5253 /* Resources */ = {
			isa = PBXResourcesBuildPhase;
			buildActionMask = 2147483647;
			files = (
			);
			runOnlyForDeploymentPostprocessing = 0;
		};
/* End PBXResourcesBuildPhase section */

/* Begin PBXShellScriptBuildPhase section */
		117927D49F33BCEEEDB09DC4 /* [CP] Check Pods Manifest.lock */ = {
			isa = PBXShellScriptBuildPhase;
			buildActionMask = 2147483647;
			files = (
			);
			inputFileListPaths = (
			);
			inputPaths = (
				"${PODS_PODFILE_DIR_PATH}/Podfile.lock",
				"${PODS_ROOT}/Manifest.lock",
			);
			name = "[CP] Check Pods Manifest.lock";
			outputFileListPaths = (
			);
			outputPaths = (
				"$(DERIVED_FILE_DIR)/Pods-Advice Roulette-checkManifestLockResult.txt",
			);
			runOnlyForDeploymentPostprocessing = 0;
			shellPath = /bin/sh;
			shellScript = "diff \"${PODS_PODFILE_DIR_PATH}/Podfile.lock\" \"${PODS_ROOT}/Manifest.lock\" > /dev/null\nif [ $? != 0 ] ; then\n    # print error to STDERR\n    echo \"error: The sandbox is not in sync with the Podfile.lock. Run 'pod install' or update your CocoaPods installation.\" >&2\n    exit 1\nfi\n# This output is used by Xcode 'outputs' to avoid re-running this script phase.\necho \"SUCCESS\" > \"${SCRIPT_OUTPUT_FILE_0}\"\n";
			showEnvVarsInLog = 0;
		};
		2623305E5790D75C6F988784 /* [CP] Embed Pods Frameworks */ = {
			isa = PBXShellScriptBuildPhase;
			buildActionMask = 2147483647;
			files = (
			);
			inputFileListPaths = (
				"${PODS_ROOT}/Target Support Files/Pods-Advice Roulette/Pods-Advice Roulette-frameworks-${CONFIGURATION}-input-files.xcfilelist",
			);
			name = "[CP] Embed Pods Frameworks";
			outputFileListPaths = (
				"${PODS_ROOT}/Target Support Files/Pods-Advice Roulette/Pods-Advice Roulette-frameworks-${CONFIGURATION}-output-files.xcfilelist",
			);
			runOnlyForDeploymentPostprocessing = 0;
			shellPath = /bin/sh;
			shellScript = "\"${PODS_ROOT}/Target Support Files/Pods-Advice Roulette/Pods-Advice Roulette-frameworks.sh\"\n";
			showEnvVarsInLog = 0;
		};
		AF167BDD0D16C7C95314C233 /* [CP] Check Pods Manifest.lock */ = {
			isa = PBXShellScriptBuildPhase;
			buildActionMask = 2147483647;
			files = (
			);
			inputFileListPaths = (
			);
			inputPaths = (
				"${PODS_PODFILE_DIR_PATH}/Podfile.lock",
				"${PODS_ROOT}/Manifest.lock",
			);
			name = "[CP] Check Pods Manifest.lock";
			outputFileListPaths = (
			);
			outputPaths = (
				"$(DERIVED_FILE_DIR)/Pods-Advice RouletteTests-checkManifestLockResult.txt",
			);
			runOnlyForDeploymentPostprocessing = 0;
			shellPath = /bin/sh;
			shellScript = "diff \"${PODS_PODFILE_DIR_PATH}/Podfile.lock\" \"${PODS_ROOT}/Manifest.lock\" > /dev/null\nif [ $? != 0 ] ; then\n    # print error to STDERR\n    echo \"error: The sandbox is not in sync with the Podfile.lock. Run 'pod install' or update your CocoaPods installation.\" >&2\n    exit 1\nfi\n# This output is used by Xcode 'outputs' to avoid re-running this script phase.\necho \"SUCCESS\" > \"${SCRIPT_OUTPUT_FILE_0}\"\n";
			showEnvVarsInLog = 0;
		};
/* End PBXShellScriptBuildPhase section */

/* Begin PBXSourcesBuildPhase section */
		CB6138C523AAB4C5007C5253 /* Sources */ = {
			isa = PBXSourcesBuildPhase;
			buildActionMask = 2147483647;
			files = (
				CBEC7CD823AB23DF002B6AD6 /* AdviceStruct.swift in Sources */,
				CB6138D123AAB4C5007C5253 /* ViewController.swift in Sources */,
				CB6138CD23AAB4C5007C5253 /* AppDelegate.swift in Sources */,
				CB6138F423AAC337007C5253 /* AdviceManager.swift in Sources */,
				CB6138CF23AAB4C5007C5253 /* SceneDelegate.swift in Sources */,
				CB6138D723AAB4C5007C5253 /* Advice_Roulette.xcdatamodeld in Sources */,
			);
			runOnlyForDeploymentPostprocessing = 0;
		};
		CB6138DE23AAB4C5007C5253 /* Sources */ = {
			isa = PBXSourcesBuildPhase;
			buildActionMask = 2147483647;
			files = (
				CB6138E723AAB4C5007C5253 /* Advice_RouletteTests.swift in Sources */,
			);
			runOnlyForDeploymentPostprocessing = 0;
		};
/* End PBXSourcesBuildPhase section */

/* Begin PBXTargetDependency section */
		CB6138E423AAB4C5007C5253 /* PBXTargetDependency */ = {
			isa = PBXTargetDependency;
			target = CB6138C823AAB4C5007C5253 /* Advice Roulette */;
			targetProxy = CB6138E323AAB4C5007C5253 /* PBXContainerItemProxy */;
		};
/* End PBXTargetDependency section */

/* Begin PBXVariantGroup section */
		CB6138D223AAB4C5007C5253 /* Main.storyboard */ = {
			isa = PBXVariantGroup;
			children = (
				CB6138D323AAB4C5007C5253 /* Base */,
			);
			name = Main.storyboard;
			sourceTree = "<group>";
		};
		CB6138DA23AAB4C5007C5253 /* LaunchScreen.storyboard */ = {
			isa = PBXVariantGroup;
			children = (
				CB6138DB23AAB4C5007C5253 /* Base */,
			);
			name = LaunchScreen.storyboard;
			sourceTree = "<group>";
		};
/* End PBXVariantGroup section */

/* Begin XCBuildConfiguration section */
		CB6138E923AAB4C5007C5253 /* Debug */ = {
			isa = XCBuildConfiguration;
			buildSettings = {
				ALWAYS_SEARCH_USER_PATHS = NO;
				CLANG_ANALYZER_NONNULL = YES;
				CLANG_ANALYZER_NUMBER_OBJECT_CONVERSION = YES_AGGRESSIVE;
				CLANG_CXX_LANGUAGE_STANDARD = "gnu++14";
				CLANG_CXX_LIBRARY = "libc++";
				CLANG_ENABLE_MODULES = YES;
				CLANG_ENABLE_OBJC_ARC = YES;
				CLANG_ENABLE_OBJC_WEAK = YES;
				CLANG_WARN_BLOCK_CAPTURE_AUTORELEASING = YES;
				CLANG_WARN_BOOL_CONVERSION = YES;
				CLANG_WARN_COMMA = YES;
				CLANG_WARN_CONSTANT_CONVERSION = YES;
				CLANG_WARN_DEPRECATED_OBJC_IMPLEMENTATIONS = YES;
				CLANG_WARN_DIRECT_OBJC_ISA_USAGE = YES_ERROR;
				CLANG_WARN_DOCUMENTATION_COMMENTS = YES;
				CLANG_WARN_EMPTY_BODY = YES;
				CLANG_WARN_ENUM_CONVERSION = YES;
				CLANG_WARN_INFINITE_RECURSION = YES;
				CLANG_WARN_INT_CONVERSION = YES;
				CLANG_WARN_NON_LITERAL_NULL_CONVERSION = YES;
				CLANG_WARN_OBJC_IMPLICIT_RETAIN_SELF = YES;
				CLANG_WARN_OBJC_LITERAL_CONVERSION = YES;
				CLANG_WARN_OBJC_ROOT_CLASS = YES_ERROR;
				CLANG_WARN_RANGE_LOOP_ANALYSIS = YES;
				CLANG_WARN_STRICT_PROTOTYPES = YES;
				CLANG_WARN_SUSPICIOUS_MOVE = YES;
				CLANG_WARN_UNGUARDED_AVAILABILITY = YES_AGGRESSIVE;
				CLANG_WARN_UNREACHABLE_CODE = YES;
				CLANG_WARN__DUPLICATE_METHOD_MATCH = YES;
				COPY_PHASE_STRIP = NO;
				DEBUG_INFORMATION_FORMAT = dwarf;
				ENABLE_STRICT_OBJC_MSGSEND = YES;
				ENABLE_TESTABILITY = YES;
				GCC_C_LANGUAGE_STANDARD = gnu11;
				GCC_DYNAMIC_NO_PIC = NO;
				GCC_NO_COMMON_BLOCKS = YES;
				GCC_OPTIMIZATION_LEVEL = 0;
				GCC_PREPROCESSOR_DEFINITIONS = (
					"DEBUG=1",
					"$(inherited)",
				);
				GCC_WARN_64_TO_32_BIT_CONVERSION = YES;
				GCC_WARN_ABOUT_RETURN_TYPE = YES_ERROR;
				GCC_WARN_UNDECLARED_SELECTOR = YES;
				GCC_WARN_UNINITIALIZED_AUTOS = YES_AGGRESSIVE;
				GCC_WARN_UNUSED_FUNCTION = YES;
				GCC_WARN_UNUSED_VARIABLE = YES;
				IPHONEOS_DEPLOYMENT_TARGET = 13.1;
				MTL_ENABLE_DEBUG_INFO = INCLUDE_SOURCE;
				MTL_FAST_MATH = YES;
				ONLY_ACTIVE_ARCH = YES;
				SDKROOT = iphoneos;
				SWIFT_ACTIVE_COMPILATION_CONDITIONS = DEBUG;
				SWIFT_OPTIMIZATION_LEVEL = "-Onone";
			};
			name = Debug;
		};
		CB6138EA23AAB4C5007C5253 /* Release */ = {
			isa = XCBuildConfiguration;
			buildSettings = {
				ALWAYS_SEARCH_USER_PATHS = NO;
				CLANG_ANALYZER_NONNULL = YES;
				CLANG_ANALYZER_NUMBER_OBJECT_CONVERSION = YES_AGGRESSIVE;
				CLANG_CXX_LANGUAGE_STANDARD = "gnu++14";
				CLANG_CXX_LIBRARY = "libc++";
				CLANG_ENABLE_MODULES = YES;
				CLANG_ENABLE_OBJC_ARC = YES;
				CLANG_ENABLE_OBJC_WEAK = YES;
				CLANG_WARN_BLOCK_CAPTURE_AUTORELEASING = YES;
				CLANG_WARN_BOOL_CONVERSION = YES;
				CLANG_WARN_COMMA = YES;
				CLANG_WARN_CONSTANT_CONVERSION = YES;
				CLANG_WARN_DEPRECATED_OBJC_IMPLEMENTATIONS = YES;
				CLANG_WARN_DIRECT_OBJC_ISA_USAGE = YES_ERROR;
				CLANG_WARN_DOCUMENTATION_COMMENTS = YES;
				CLANG_WARN_EMPTY_BODY = YES;
				CLANG_WARN_ENUM_CONVERSION = YES;
				CLANG_WARN_INFINITE_RECURSION = YES;
				CLANG_WARN_INT_CONVERSION = YES;
				CLANG_WARN_NON_LITERAL_NULL_CONVERSION = YES;
				CLANG_WARN_OBJC_IMPLICIT_RETAIN_SELF = YES;
				CLANG_WARN_OBJC_LITERAL_CONVERSION = YES;
				CLANG_WARN_OBJC_ROOT_CLASS = YES_ERROR;
				CLANG_WARN_RANGE_LOOP_ANALYSIS = YES;
				CLANG_WARN_STRICT_PROTOTYPES = YES;
				CLANG_WARN_SUSPICIOUS_MOVE = YES;
				CLANG_WARN_UNGUARDED_AVAILABILITY = YES_AGGRESSIVE;
				CLANG_WARN_UNREACHABLE_CODE = YES;
				CLANG_WARN__DUPLICATE_METHOD_MATCH = YES;
				COPY_PHASE_STRIP = NO;
				DEBUG_INFORMATION_FORMAT = "dwarf-with-dsym";
				ENABLE_NS_ASSERTIONS = NO;
				ENABLE_STRICT_OBJC_MSGSEND = YES;
				GCC_C_LANGUAGE_STANDARD = gnu11;
				GCC_NO_COMMON_BLOCKS = YES;
				GCC_WARN_64_TO_32_BIT_CONVERSION = YES;
				GCC_WARN_ABOUT_RETURN_TYPE = YES_ERROR;
				GCC_WARN_UNDECLARED_SELECTOR = YES;
				GCC_WARN_UNINITIALIZED_AUTOS = YES_AGGRESSIVE;
				GCC_WARN_UNUSED_FUNCTION = YES;
				GCC_WARN_UNUSED_VARIABLE = YES;
				IPHONEOS_DEPLOYMENT_TARGET = 13.1;
				MTL_ENABLE_DEBUG_INFO = NO;
				MTL_FAST_MATH = YES;
				SDKROOT = iphoneos;
				SWIFT_COMPILATION_MODE = wholemodule;
				SWIFT_OPTIMIZATION_LEVEL = "-O";
				VALIDATE_PRODUCT = YES;
			};
			name = Release;
		};
		CB6138EC23AAB4C5007C5253 /* Debug */ = {
			isa = XCBuildConfiguration;
			baseConfigurationReference = 3082C437A5A0E958EF28AF52 /* Pods-Advice Roulette.debug.xcconfig */;
			buildSettings = {
				ASSETCATALOG_COMPILER_APPICON_NAME = AppIcon;
				CODE_SIGN_STYLE = Automatic;
				DEVELOPMENT_TEAM = R5SZP8SN2M;
				INFOPLIST_FILE = "Advice Roulette/Info.plist";
				LD_RUNPATH_SEARCH_PATHS = (
					"$(inherited)",
					"@executable_path/Frameworks",
				);
				PRODUCT_BUNDLE_IDENTIFIER = "com.choiw.Advice-Roulette";
				PRODUCT_NAME = "$(TARGET_NAME)";
				SWIFT_VERSION = 5.0;
				TARGETED_DEVICE_FAMILY = "1,2";
			};
			name = Debug;
		};
		CB6138ED23AAB4C5007C5253 /* Release */ = {
			isa = XCBuildConfiguration;
			baseConfigurationReference = DC7196FC706588CE0886CAFE /* Pods-Advice Roulette.release.xcconfig */;
			buildSettings = {
				ASSETCATALOG_COMPILER_APPICON_NAME = AppIcon;
				CODE_SIGN_STYLE = Automatic;
				DEVELOPMENT_TEAM = R5SZP8SN2M;
				INFOPLIST_FILE = "Advice Roulette/Info.plist";
				LD_RUNPATH_SEARCH_PATHS = (
					"$(inherited)",
					"@executable_path/Frameworks",
				);
				PRODUCT_BUNDLE_IDENTIFIER = "com.choiw.Advice-Roulette";
				PRODUCT_NAME = "$(TARGET_NAME)";
				SWIFT_VERSION = 5.0;
				TARGETED_DEVICE_FAMILY = "1,2";
			};
			name = Release;
		};
		CB6138EF23AAB4C5007C5253 /* Debug */ = {
			isa = XCBuildConfiguration;
			baseConfigurationReference = 5F5687770403816886BA2342 /* Pods-Advice RouletteTests.debug.xcconfig */;
			buildSettings = {
				ALWAYS_EMBED_SWIFT_STANDARD_LIBRARIES = YES;
				BUNDLE_LOADER = "$(TEST_HOST)";
				CODE_SIGN_STYLE = Automatic;
				DEVELOPMENT_TEAM = R5SZP8SN2M;
				INFOPLIST_FILE = "Advice RouletteTests/Info.plist";
				IPHONEOS_DEPLOYMENT_TARGET = 13.1;
				LD_RUNPATH_SEARCH_PATHS = (
					"$(inherited)",
					"@executable_path/Frameworks",
					"@loader_path/Frameworks",
				);
				PRODUCT_BUNDLE_IDENTIFIER = "com.choiw.Advice-RouletteTests";
				PRODUCT_NAME = "$(TARGET_NAME)";
				SWIFT_VERSION = 5.0;
				TARGETED_DEVICE_FAMILY = "1,2";
				TEST_HOST = "$(BUILT_PRODUCTS_DIR)/Advice Roulette.app/Advice Roulette";
			};
			name = Debug;
		};
		CB6138F023AAB4C5007C5253 /* Release */ = {
			isa = XCBuildConfiguration;
			baseConfigurationReference = 500B64548916A3BC21645CFA /* Pods-Advice RouletteTests.release.xcconfig */;
			buildSettings = {
				ALWAYS_EMBED_SWIFT_STANDARD_LIBRARIES = YES;
				BUNDLE_LOADER = "$(TEST_HOST)";
				CODE_SIGN_STYLE = Automatic;
				DEVELOPMENT_TEAM = R5SZP8SN2M;
				INFOPLIST_FILE = "Advice RouletteTests/Info.plist";
				IPHONEOS_DEPLOYMENT_TARGET = 13.1;
				LD_RUNPATH_SEARCH_PATHS = (
					"$(inherited)",
					"@executable_path/Frameworks",
					"@loader_path/Frameworks",
				);
				PRODUCT_BUNDLE_IDENTIFIER = "com.choiw.Advice-RouletteTests";
				PRODUCT_NAME = "$(TARGET_NAME)";
				SWIFT_VERSION = 5.0;
				TARGETED_DEVICE_FAMILY = "1,2";
				TEST_HOST = "$(BUILT_PRODUCTS_DIR)/Advice Roulette.app/Advice Roulette";
			};
			name = Release;
		};
/* End XCBuildConfiguration section */

/* Begin XCConfigurationList section */
		CB6138C423AAB4C4007C5253 /* Build configuration list for PBXProject "Advice Roulette" */ = {
			isa = XCConfigurationList;
			buildConfigurations = (
				CB6138E923AAB4C5007C5253 /* Debug */,
				CB6138EA23AAB4C5007C5253 /* Release */,
			);
			defaultConfigurationIsVisible = 0;
			defaultConfigurationName = Release;
		};
		CB6138EB23AAB4C5007C5253 /* Build configuration list for PBXNativeTarget "Advice Roulette" */ = {
			isa = XCConfigurationList;
			buildConfigurations = (
				CB6138EC23AAB4C5007C5253 /* Debug */,
				CB6138ED23AAB4C5007C5253 /* Release */,
			);
			defaultConfigurationIsVisible = 0;
			defaultConfigurationName = Release;
		};
		CB6138EE23AAB4C5007C5253 /* Build configuration list for PBXNativeTarget "Advice RouletteTests" */ = {
			isa = XCConfigurationList;
			buildConfigurations = (
				CB6138EF23AAB4C5007C5253 /* Debug */,
				CB6138F023AAB4C5007C5253 /* Release */,
			);
			defaultConfigurationIsVisible = 0;
			defaultConfigurationName = Release;
		};
/* End XCConfigurationList section */

/* Begin XCVersionGroup section */
		CB6138D523AAB4C5007C5253 /* Advice_Roulette.xcdatamodeld */ = {
			isa = XCVersionGroup;
			children = (
				CB6138D623AAB4C5007C5253 /* Advice_Roulette.xcdatamodel */,
			);
			currentVersion = CB6138D623AAB4C5007C5253 /* Advice_Roulette.xcdatamodel */;
			path = Advice_Roulette.xcdatamodeld;
			sourceTree = "<group>";
			versionGroupType = wrapper.xcdatamodel;
		};
/* End XCVersionGroup section */
	};
	rootObject = CB6138C123AAB4C4007C5253 /* Project object */;
}
